// !$*UTF8*$!
{
	archiveVersion = 1;
	classes = {
	};
	objectVersion = 50;
	objects = {

/* Begin PBXBuildFile section */
		68819E8E2427788B006CAC27 /* AppDelegate.swift in Sources */ = {isa = PBXBuildFile; fileRef = 68819E8D2427788B006CAC27 /* AppDelegate.swift */; };
		68819E902427788B006CAC27 /* SceneDelegate.swift in Sources */ = {isa = PBXBuildFile; fileRef = 68819E8F2427788B006CAC27 /* SceneDelegate.swift */; };
		68819E922427788B006CAC27 /* CategoryTVC.swift in Sources */ = {isa = PBXBuildFile; fileRef = 68819E912427788B006CAC27 /* CategoryTVC.swift */; };
		68819E952427788B006CAC27 /* Main.storyboard in Resources */ = {isa = PBXBuildFile; fileRef = 68819E932427788B006CAC27 /* Main.storyboard */; };
		68819E982427788B006CAC27 /* toDoDO.xcdatamodeld in Sources */ = {isa = PBXBuildFile; fileRef = 68819E962427788B006CAC27 /* toDoDO.xcdatamodeld */; };
		68819E9D2427788E006CAC27 /* LaunchScreen.storyboard in Resources */ = {isa = PBXBuildFile; fileRef = 68819E9B2427788E006CAC27 /* LaunchScreen.storyboard */; };
		68819EA524277A1A006CAC27 /* TodoListTVC.swift in Sources */ = {isa = PBXBuildFile; fileRef = 68819EA424277A1A006CAC27 /* TodoListTVC.swift */; };
		68819EAA242797BD006CAC27 /* Category.swift in Sources */ = {isa = PBXBuildFile; fileRef = 68819EA9242797BD006CAC27 /* Category.swift */; };
		68819EAD2427C200006CAC27 /* Item.swift in Sources */ = {isa = PBXBuildFile; fileRef = 68819EAC2427C200006CAC27 /* Item.swift */; };
		688837F12451B62C0047CA9A /* add.wav in Resources */ = {isa = PBXBuildFile; fileRef = 688837F02451B62C0047CA9A /* add.wav */; };
		688837F32451B6300047CA9A /* nextPage.wav in Resources */ = {isa = PBXBuildFile; fileRef = 688837F22451B6300047CA9A /* nextPage.wav */; };
		6898C6CC242BA9A800278920 /* assets.xcassets in Resources */ = {isa = PBXBuildFile; fileRef = 6898C6CB242BA9A800278920 /* assets.xcassets */; };
		689D887B243260B000B85A2A /* wasAdded.wav in Resources */ = {isa = PBXBuildFile; fileRef = 689D887A243260B000B85A2A /* wasAdded.wav */; };
		689D887D243262D600B85A2A /* delete.wav in Resources */ = {isa = PBXBuildFile; fileRef = 689D887C243262D600B85A2A /* delete.wav */; };
		689D88812432643800B85A2A /* bool.wav in Resources */ = {isa = PBXBuildFile; fileRef = 689D88802432643800B85A2A /* bool.wav */; };
		68A0FD08242A079400FB8C2B /* SwipeTVC.swift in Sources */ = {isa = PBXBuildFile; fileRef = 68A0FD07242A079400FB8C2B /* SwipeTVC.swift */; };
		68D9E368242B8C1400209284 /* (null) in Embed Frameworks */ = {isa = PBXBuildFile; settings = {ATTRIBUTES = (CodeSignOnCopy, RemoveHeadersOnCopy, ); }; };
		68D9E381242BA05100209284 /* DisneyPark.ttf in Resources */ = {isa = PBXBuildFile; fileRef = 68D9E380242BA05100209284 /* DisneyPark.ttf */; };
		9CB4B32868F3C9F501B24218 /* libPods-toDoDO.a in Frameworks */ = {isa = PBXBuildFile; fileRef = 727F5ED0D153541100868A9E /* libPods-toDoDO.a */; };
/* End PBXBuildFile section */

/* Begin PBXCopyFilesBuildPhase section */
		68D9E369242B8C1400209284 /* Embed Frameworks */ = {
			isa = PBXCopyFilesBuildPhase;
			buildActionMask = 2147483647;
			dstPath = "";
			dstSubfolderSpec = 10;
			files = (
				68D9E368242B8C1400209284 /* (null) in Embed Frameworks */,
			);
			name = "Embed Frameworks";
			runOnlyForDeploymentPostprocessing = 0;
		};
/* End PBXCopyFilesBuildPhase section */

/* Begin PBXFileReference section */
		201CB4C8D27C90FB788D5045 /* Pods-toDoDO.debug.xcconfig */ = {isa = PBXFileReference; includeInIndex = 1; lastKnownFileType = text.xcconfig; name = "Pods-toDoDO.debug.xcconfig"; path = "Target Support Files/Pods-toDoDO/Pods-toDoDO.debug.xcconfig"; sourceTree = "<group>"; };
		2D82F8A851E590895906E7AE /* Pods-toDoDO.release.xcconfig */ = {isa = PBXFileReference; includeInIndex = 1; lastKnownFileType = text.xcconfig; name = "Pods-toDoDO.release.xcconfig"; path = "Target Support Files/Pods-toDoDO/Pods-toDoDO.release.xcconfig"; sourceTree = "<group>"; };
		68819E8A2427788B006CAC27 /* toDoDO.app */ = {isa = PBXFileReference; explicitFileType = wrapper.application; includeInIndex = 0; path = toDoDO.app; sourceTree = BUILT_PRODUCTS_DIR; };
		68819E8D2427788B006CAC27 /* AppDelegate.swift */ = {isa = PBXFileReference; lastKnownFileType = sourcecode.swift; path = AppDelegate.swift; sourceTree = "<group>"; };
		68819E8F2427788B006CAC27 /* SceneDelegate.swift */ = {isa = PBXFileReference; lastKnownFileType = sourcecode.swift; path = SceneDelegate.swift; sourceTree = "<group>"; };
		68819E912427788B006CAC27 /* CategoryTVC.swift */ = {isa = PBXFileReference; lastKnownFileType = sourcecode.swift; path = CategoryTVC.swift; sourceTree = "<group>"; };
		68819E942427788B006CAC27 /* Base */ = {isa = PBXFileReference; lastKnownFileType = file.storyboard; name = Base; path = Base.lproj/Main.storyboard; sourceTree = "<group>"; };
		68819E972427788B006CAC27 /* toDoDO.xcdatamodel */ = {isa = PBXFileReference; lastKnownFileType = wrapper.xcdatamodel; path = toDoDO.xcdatamodel; sourceTree = "<group>"; };
		68819E9C2427788E006CAC27 /* Base */ = {isa = PBXFileReference; lastKnownFileType = file.storyboard; name = Base; path = Base.lproj/LaunchScreen.storyboard; sourceTree = "<group>"; };
		68819E9E2427788E006CAC27 /* Info.plist */ = {isa = PBXFileReference; lastKnownFileType = text.plist.xml; path = Info.plist; sourceTree = "<group>"; };
		68819EA424277A1A006CAC27 /* TodoListTVC.swift */ = {isa = PBXFileReference; lastKnownFileType = sourcecode.swift; path = TodoListTVC.swift; sourceTree = "<group>"; };
		68819EA9242797BD006CAC27 /* Category.swift */ = {isa = PBXFileReference; lastKnownFileType = sourcecode.swift; path = Category.swift; sourceTree = "<group>"; };
		68819EAC2427C200006CAC27 /* Item.swift */ = {isa = PBXFileReference; lastKnownFileType = sourcecode.swift; path = Item.swift; sourceTree = "<group>"; };
		688837F02451B62C0047CA9A /* add.wav */ = {isa = PBXFileReference; lastKnownFileType = audio.wav; name = add.wav; path = ../../../../../music/add.wav; sourceTree = "<group>"; };
		688837F22451B6300047CA9A /* nextPage.wav */ = {isa = PBXFileReference; lastKnownFileType = audio.wav; name = nextPage.wav; path = ../../../../../music/nextPage.wav; sourceTree = "<group>"; };
		6898C6CB242BA9A800278920 /* assets.xcassets */ = {isa = PBXFileReference; lastKnownFileType = folder.assetcatalog; path = assets.xcassets; sourceTree = SOURCE_ROOT; };
		689D887A243260B000B85A2A /* wasAdded.wav */ = {isa = PBXFileReference; lastKnownFileType = audio.wav; path = wasAdded.wav; sourceTree = "<group>"; };
		689D887C243262D600B85A2A /* delete.wav */ = {isa = PBXFileReference; lastKnownFileType = audio.wav; path = delete.wav; sourceTree = "<group>"; };
		689D88802432643800B85A2A /* bool.wav */ = {isa = PBXFileReference; lastKnownFileType = audio.wav; path = bool.wav; sourceTree = "<group>"; };
		68A0FD07242A079400FB8C2B /* SwipeTVC.swift */ = {isa = PBXFileReference; lastKnownFileType = sourcecode.swift; path = SwipeTVC.swift; sourceTree = "<group>"; };
		68D9E36A242B8C3800209284 /* ChameleonFramework.framework */ = {isa = PBXFileReference; explicitFileType = wrapper.framework; path = ChameleonFramework.framework; sourceTree = BUILT_PRODUCTS_DIR; };
		68D9E36D242B8C4C00209284 /* ChameleonFramework.framework */ = {isa = PBXFileReference; explicitFileType = wrapper.framework; path = ChameleonFramework.framework; sourceTree = BUILT_PRODUCTS_DIR; };
		68D9E370242B8C5400209284 /* Realm.framework */ = {isa = PBXFileReference; explicitFileType = wrapper.framework; path = Realm.framework; sourceTree = BUILT_PRODUCTS_DIR; };
		68D9E371242B8C5400209284 /* RealmSwift.framework */ = {isa = PBXFileReference; explicitFileType = wrapper.framework; path = RealmSwift.framework; sourceTree = BUILT_PRODUCTS_DIR; };
		68D9E372242B8C5400209284 /* SwipeCellKit.framework */ = {isa = PBXFileReference; explicitFileType = wrapper.framework; path = SwipeCellKit.framework; sourceTree = BUILT_PRODUCTS_DIR; };
		68D9E380242BA05100209284 /* DisneyPark.ttf */ = {isa = PBXFileReference; lastKnownFileType = file; path = DisneyPark.ttf; sourceTree = SOURCE_ROOT; };
		727F5ED0D153541100868A9E /* libPods-toDoDO.a */ = {isa = PBXFileReference; explicitFileType = archive.ar; includeInIndex = 0; path = "libPods-toDoDO.a"; sourceTree = BUILT_PRODUCTS_DIR; };
/* End PBXFileReference section */

/* Begin PBXFrameworksBuildPhase section */
		68819E872427788B006CAC27 /* Frameworks */ = {
			isa = PBXFrameworksBuildPhase;
			buildActionMask = 2147483647;
			files = (
				9CB4B32868F3C9F501B24218 /* libPods-toDoDO.a in Frameworks */,
			);
			runOnlyForDeploymentPostprocessing = 0;
		};
/* End PBXFrameworksBuildPhase section */

/* Begin PBXGroup section */
		5442E34B56C18B2D92B6B952 /* Pods */ = {
			isa = PBXGroup;
			children = (
				201CB4C8D27C90FB788D5045 /* Pods-toDoDO.debug.xcconfig */,
				2D82F8A851E590895906E7AE /* Pods-toDoDO.release.xcconfig */,
			);
			path = Pods;
			sourceTree = "<group>";
		};
		68819E812427788B006CAC27 = {
			isa = PBXGroup;
			children = (
				68819E8C2427788B006CAC27 /* toDoDO */,
				68819E8B2427788B006CAC27 /* Products */,
				5442E34B56C18B2D92B6B952 /* Pods */,
				BC1EE3E72FA61B26EC6A30D3 /* Frameworks */,
			);
			sourceTree = "<group>";
		};
		68819E8B2427788B006CAC27 /* Products */ = {
			isa = PBXGroup;
			children = (
				68819E8A2427788B006CAC27 /* toDoDO.app */,
			);
			name = Products;
			sourceTree = "<group>";
		};
		68819E8C2427788B006CAC27 /* toDoDO */ = {
			isa = PBXGroup;
			children = (
				68819E8D2427788B006CAC27 /* AppDelegate.swift */,
				68819E8F2427788B006CAC27 /* SceneDelegate.swift */,
				68D9E358242B73D100209284 /* Fonts */,
				68819EAB242797CA006CAC27 /* DataModel */,
				68819EA624277A28006CAC27 /* Controllers */,
				68819EA724277ABF006CAC27 /* View */,
				68819EA824277B01006CAC27 /* Supporting Files */,
				68819E9E2427788E006CAC27 /* Info.plist */,
			);
			path = toDoDO;
			sourceTree = "<group>";
		};
		68819EA624277A28006CAC27 /* Controllers */ = {
			isa = PBXGroup;
			children = (
				68A0FD07242A079400FB8C2B /* SwipeTVC.swift */,
				68819E912427788B006CAC27 /* CategoryTVC.swift */,
				68819EA424277A1A006CAC27 /* TodoListTVC.swift */,
			);
			path = Controllers;
			sourceTree = "<group>";
		};
		68819EA724277ABF006CAC27 /* View */ = {
			isa = PBXGroup;
			children = (
				68819E932427788B006CAC27 /* Main.storyboard */,
			);
			path = View;
			sourceTree = "<group>";
		};
		68819EA824277B01006CAC27 /* Supporting Files */ = {
			isa = PBXGroup;
			children = (
				68819E9B2427788E006CAC27 /* LaunchScreen.storyboard */,
				68819E962427788B006CAC27 /* toDoDO.xcdatamodeld */,
				6898C6CB242BA9A800278920 /* assets.xcassets */,
				689D887924325A8900B85A2A /* Music */,
			);
			path = "Supporting Files";
			sourceTree = "<group>";
		};
		68819EAB242797CA006CAC27 /* DataModel */ = {
			isa = PBXGroup;
			children = (
				68819EA9242797BD006CAC27 /* Category.swift */,
				68819EAC2427C200006CAC27 /* Item.swift */,
			);
			path = DataModel;
			sourceTree = "<group>";
		};
		689D887924325A8900B85A2A /* Music */ = {
			isa = PBXGroup;
			children = (
				689D887A243260B000B85A2A /* wasAdded.wav */,
				689D887C243262D600B85A2A /* delete.wav */,
				688837F22451B6300047CA9A /* nextPage.wav */,
				688837F02451B62C0047CA9A /* add.wav */,
				689D88802432643800B85A2A /* bool.wav */,
			);
			path = Music;
			sourceTree = "<group>";
		};
		68D9E358242B73D100209284 /* Fonts */ = {
			isa = PBXGroup;
			children = (
				68D9E380242BA05100209284 /* DisneyPark.ttf */,
			);
			path = Fonts;
			sourceTree = "<group>";
		};
		BC1EE3E72FA61B26EC6A30D3 /* Frameworks */ = {
			isa = PBXGroup;
			children = (
				68D9E370242B8C5400209284 /* Realm.framework */,
				68D9E371242B8C5400209284 /* RealmSwift.framework */,
				68D9E372242B8C5400209284 /* SwipeCellKit.framework */,
				68D9E36D242B8C4C00209284 /* ChameleonFramework.framework */,
				68D9E36A242B8C3800209284 /* ChameleonFramework.framework */,
				727F5ED0D153541100868A9E /* libPods-toDoDO.a */,
			);
			name = Frameworks;
			sourceTree = "<group>";
		};
/* End PBXGroup section */

/* Begin PBXNativeTarget section */
		68819E892427788B006CAC27 /* toDoDO */ = {
			isa = PBXNativeTarget;
			buildConfigurationList = 68819EA12427788E006CAC27 /* Build configuration list for PBXNativeTarget "toDoDO" */;
			buildPhases = (
				A0D7AF6D838C3B2FFCA0E7EB /* [CP] Check Pods Manifest.lock */,
				68819E862427788B006CAC27 /* Sources */,
				68819E872427788B006CAC27 /* Frameworks */,
				68819E882427788B006CAC27 /* Resources */,
				68D9E369242B8C1400209284 /* Embed Frameworks */,
			);
			buildRules = (
			);
			dependencies = (
			);
			name = toDoDO;
			productName = toDoDO;
			productReference = 68819E8A2427788B006CAC27 /* toDoDO.app */;
			productType = "com.apple.product-type.application";
		};
/* End PBXNativeTarget section */

/* Begin PBXProject section */
		68819E822427788B006CAC27 /* Project object */ = {
			isa = PBXProject;
			attributes = {
				LastSwiftUpdateCheck = 1130;
				LastUpgradeCheck = 1130;
				ORGANIZATIONNAME = "Feodora Andryieuskaya";
				TargetAttributes = {
					68819E892427788B006CAC27 = {
						CreatedOnToolsVersion = 11.3;
					};
				};
			};
			buildConfigurationList = 68819E852427788B006CAC27 /* Build configuration list for PBXProject "toDoDO" */;
			compatibilityVersion = "Xcode 9.3";
			developmentRegion = en;
			hasScannedForEncodings = 0;
			knownRegions = (
				en,
				Base,
			);
			mainGroup = 68819E812427788B006CAC27;
			productRefGroup = 68819E8B2427788B006CAC27 /* Products */;
			projectDirPath = "";
			projectRoot = "";
			targets = (
				68819E892427788B006CAC27 /* toDoDO */,
			);
		};
/* End PBXProject section */

/* Begin PBXResourcesBuildPhase section */
		68819E882427788B006CAC27 /* Resources */ = {
			isa = PBXResourcesBuildPhase;
			buildActionMask = 2147483647;
			files = (
				688837F32451B6300047CA9A /* nextPage.wav in Resources */,
				68D9E381242BA05100209284 /* DisneyPark.ttf in Resources */,
				689D887D243262D600B85A2A /* delete.wav in Resources */,
				68819E9D2427788E006CAC27 /* LaunchScreen.storyboard in Resources */,
				6898C6CC242BA9A800278920 /* assets.xcassets in Resources */,
				688837F12451B62C0047CA9A /* add.wav in Resources */,
				689D887B243260B000B85A2A /* wasAdded.wav in Resources */,
				689D88812432643800B85A2A /* bool.wav in Resources */,
				68819E952427788B006CAC27 /* Main.storyboard in Resources */,
			);
			runOnlyForDeploymentPostprocessing = 0;
		};
/* End PBXResourcesBuildPhase section */

/* Begin PBXShellScriptBuildPhase section */
		A0D7AF6D838C3B2FFCA0E7EB /* [CP] Check Pods Manifest.lock */ = {
			isa = PBXShellScriptBuildPhase;
			buildActionMask = 2147483647;
			files = (
			);
			inputFileListPaths = (
			);
			inputPaths = (
				"${PODS_PODFILE_DIR_PATH}/Podfile.lock",
				"${PODS_ROOT}/Manifest.lock",
			);
			name = "[CP] Check Pods Manifest.lock";
			outputFileListPaths = (
			);
			outputPaths = (
				"$(DERIVED_FILE_DIR)/Pods-toDoDO-checkManifestLockResult.txt",
			);
			runOnlyForDeploymentPostprocessing = 0;
			shellPath = /bin/sh;
			shellScript = "diff \"${PODS_PODFILE_DIR_PATH}/Podfile.lock\" \"${PODS_ROOT}/Manifest.lock\" > /dev/null\nif [ $? != 0 ] ; then\n    # print error to STDERR\n    echo \"error: The sandbox is not in sync with the Podfile.lock. Run 'pod install' or update your CocoaPods installation.\" >&2\n    exit 1\nfi\n# This output is used by Xcode 'outputs' to avoid re-running this script phase.\necho \"SUCCESS\" > \"${SCRIPT_OUTPUT_FILE_0}\"\n";
			showEnvVarsInLog = 0;
		};
/* End PBXShellScriptBuildPhase section */

/* Begin PBXSourcesBuildPhase section */
		68819E862427788B006CAC27 /* Sources */ = {
			isa = PBXSourcesBuildPhase;
			buildActionMask = 2147483647;
			files = (
				68819E982427788B006CAC27 /* toDoDO.xcdatamodeld in Sources */,
				68819E922427788B006CAC27 /* CategoryTVC.swift in Sources */,
				68819E8E2427788B006CAC27 /* AppDelegate.swift in Sources */,
				68819EA524277A1A006CAC27 /* TodoListTVC.swift in Sources */,
				68819EAD2427C200006CAC27 /* Item.swift in Sources */,
				68819E902427788B006CAC27 /* SceneDelegate.swift in Sources */,
				68A0FD08242A079400FB8C2B /* SwipeTVC.swift in Sources */,
				68819EAA242797BD006CAC27 /* Category.swift in Sources */,
			);
			runOnlyForDeploymentPostprocessing = 0;
		};
/* End PBXSourcesBuildPhase section */

/* Begin PBXVariantGroup section */
		68819E932427788B006CAC27 /* Main.storyboard */ = {
			isa = PBXVariantGroup;
			children = (
				68819E942427788B006CAC27 /* Base */,
			);
			name = Main.storyboard;
			sourceTree = "<group>";
		};
		68819E9B2427788E006CAC27 /* LaunchScreen.storyboard */ = {
			isa = PBXVariantGroup;
			children = (
				68819E9C2427788E006CAC27 /* Base */,
			);
			name = LaunchScreen.storyboard;
			sourceTree = "<group>";
		};
/* End PBXVariantGroup section */

/* Begin XCBuildConfiguration section */
		68819E9F2427788E006CAC27 /* Debug */ = {
			isa = XCBuildConfiguration;
			buildSettings = {
				ALWAYS_SEARCH_USER_PATHS = NO;
				CLANG_ANALYZER_NONNULL = YES;
				CLANG_ANALYZER_NUMBER_OBJECT_CONVERSION = YES_AGGRESSIVE;
				CLANG_CXX_LANGUAGE_STANDARD = "gnu++14";
				CLANG_CXX_LIBRARY = "libc++";
				CLANG_ENABLE_MODULES = YES;
				CLANG_ENABLE_OBJC_ARC = YES;
				CLANG_ENABLE_OBJC_WEAK = YES;
				CLANG_WARN_BLOCK_CAPTURE_AUTORELEASING = YES;
				CLANG_WARN_BOOL_CONVERSION = YES;
				CLANG_WARN_COMMA = YES;
				CLANG_WARN_CONSTANT_CONVERSION = YES;
				CLANG_WARN_DEPRECATED_OBJC_IMPLEMENTATIONS = YES;
				CLANG_WARN_DIRECT_OBJC_ISA_USAGE = YES_ERROR;
				CLANG_WARN_DOCUMENTATION_COMMENTS = YES;
				CLANG_WARN_EMPTY_BODY = YES;
				CLANG_WARN_ENUM_CONVERSION = YES;
				CLANG_WARN_INFINITE_RECURSION = YES;
				CLANG_WARN_INT_CONVERSION = YES;
				CLANG_WARN_NON_LITERAL_NULL_CONVERSION = YES;
				CLANG_WARN_OBJC_IMPLICIT_RETAIN_SELF = YES;
				CLANG_WARN_OBJC_LITERAL_CONVERSION = YES;
				CLANG_WARN_OBJC_ROOT_CLASS = YES_ERROR;
				CLANG_WARN_RANGE_LOOP_ANALYSIS = YES;
				CLANG_WARN_STRICT_PROTOTYPES = YES;
				CLANG_WARN_SUSPICIOUS_MOVE = YES;
				CLANG_WARN_UNGUARDED_AVAILABILITY = YES_AGGRESSIVE;
				CLANG_WARN_UNREACHABLE_CODE = YES;
				CLANG_WARN__DUPLICATE_METHOD_MATCH = YES;
				COPY_PHASE_STRIP = NO;
				DEBUG_INFORMATION_FORMAT = dwarf;
				ENABLE_STRICT_OBJC_MSGSEND = YES;
				ENABLE_TESTABILITY = YES;
				GCC_C_LANGUAGE_STANDARD = gnu11;
				GCC_DYNAMIC_NO_PIC = NO;
				GCC_NO_COMMON_BLOCKS = YES;
				GCC_OPTIMIZATION_LEVEL = 0;
				GCC_PREPROCESSOR_DEFINITIONS = (
					"DEBUG=1",
					"$(inherited)",
				);
				GCC_WARN_64_TO_32_BIT_CONVERSION = YES;
				GCC_WARN_ABOUT_RETURN_TYPE = YES_ERROR;
				GCC_WARN_UNDECLARED_SELECTOR = YES;
				GCC_WARN_UNINITIALIZED_AUTOS = YES_AGGRESSIVE;
				GCC_WARN_UNUSED_FUNCTION = YES;
				GCC_WARN_UNUSED_VARIABLE = YES;
				IPHONEOS_DEPLOYMENT_TARGET = 13.2;
				MTL_ENABLE_DEBUG_INFO = INCLUDE_SOURCE;
				MTL_FAST_MATH = YES;
				ONLY_ACTIVE_ARCH = YES;
				SDKROOT = iphoneos;
				SWIFT_ACTIVE_COMPILATION_CONDITIONS = DEBUG;
				SWIFT_OPTIMIZATION_LEVEL = "-Onone";
			};
			name = Debug;
		};
		68819EA02427788E006CAC27 /* Release */ = {
			isa = XCBuildConfiguration;
			buildSettings = {
				ALWAYS_SEARCH_USER_PATHS = NO;
				CLANG_ANALYZER_NONNULL = YES;
				CLANG_ANALYZER_NUMBER_OBJECT_CONVERSION = YES_AGGRESSIVE;
				CLANG_CXX_LANGUAGE_STANDARD = "gnu++14";
				CLANG_CXX_LIBRARY = "libc++";
				CLANG_ENABLE_MODULES = YES;
				CLANG_ENABLE_OBJC_ARC = YES;
				CLANG_ENABLE_OBJC_WEAK = YES;
				CLANG_WARN_BLOCK_CAPTURE_AUTORELEASING = YES;
				CLANG_WARN_BOOL_CONVERSION = YES;
				CLANG_WARN_COMMA = YES;
				CLANG_WARN_CONSTANT_CONVERSION = YES;
				CLANG_WARN_DEPRECATED_OBJC_IMPLEMENTATIONS = YES;
				CLANG_WARN_DIRECT_OBJC_ISA_USAGE = YES_ERROR;
				CLANG_WARN_DOCUMENTATION_COMMENTS = YES;
				CLANG_WARN_EMPTY_BODY = YES;
				CLANG_WARN_ENUM_CONVERSION = YES;
				CLANG_WARN_INFINITE_RECURSION = YES;
				CLANG_WARN_INT_CONVERSION = YES;
				CLANG_WARN_NON_LITERAL_NULL_CONVERSION = YES;
				CLANG_WARN_OBJC_IMPLICIT_RETAIN_SELF = YES;
				CLANG_WARN_OBJC_LITERAL_CONVERSION = YES;
				CLANG_WARN_OBJC_ROOT_CLASS = YES_ERROR;
				CLANG_WARN_RANGE_LOOP_ANALYSIS = YES;
				CLANG_WARN_STRICT_PROTOTYPES = YES;
				CLANG_WARN_SUSPICIOUS_MOVE = YES;
				CLANG_WARN_UNGUARDED_AVAILABILITY = YES_AGGRESSIVE;
				CLANG_WARN_UNREACHABLE_CODE = YES;
				CLANG_WARN__DUPLICATE_METHOD_MATCH = YES;
				COPY_PHASE_STRIP = NO;
				DEBUG_INFORMATION_FORMAT = "dwarf-with-dsym";
				ENABLE_NS_ASSERTIONS = NO;
				ENABLE_STRICT_OBJC_MSGSEND = YES;
				GCC_C_LANGUAGE_STANDARD = gnu11;
				GCC_NO_COMMON_BLOCKS = YES;
				GCC_WARN_64_TO_32_BIT_CONVERSION = YES;
				GCC_WARN_ABOUT_RETURN_TYPE = YES_ERROR;
				GCC_WARN_UNDECLARED_SELECTOR = YES;
				GCC_WARN_UNINITIALIZED_AUTOS = YES_AGGRESSIVE;
				GCC_WARN_UNUSED_FUNCTION = YES;
				GCC_WARN_UNUSED_VARIABLE = YES;
				IPHONEOS_DEPLOYMENT_TARGET = 13.2;
				MTL_ENABLE_DEBUG_INFO = NO;
				MTL_FAST_MATH = YES;
				SDKROOT = iphoneos;
				SWIFT_COMPILATION_MODE = wholemodule;
				SWIFT_OPTIMIZATION_LEVEL = "-O";
				VALIDATE_PRODUCT = YES;
			};
			name = Release;
		};
		68819EA22427788E006CAC27 /* Debug */ = {
			isa = XCBuildConfiguration;
			baseConfigurationReference = 201CB4C8D27C90FB788D5045 /* Pods-toDoDO.debug.xcconfig */;
			buildSettings = {
				ASSETCATALOG_COMPILER_APPICON_NAME = AppIcon;
				CODE_SIGN_STYLE = Automatic;
				DEVELOPMENT_TEAM = 72G63W4R44;
				INFOPLIST_FILE = toDoDO/Info.plist;
				LD_RUNPATH_SEARCH_PATHS = (
					"$(inherited)",
					"@executable_path/Frameworks",
				);
				PRODUCT_BUNDLE_IDENTIFIER = com.Theo.toDoDO;
				PRODUCT_NAME = "$(TARGET_NAME)";
				SWIFT_VERSION = 5.0;
				TARGETED_DEVICE_FAMILY = "1,2";
			};
			name = Debug;
		};
		68819EA32427788E006CAC27 /* Release */ = {
			isa = XCBuildConfiguration;
			baseConfigurationReference = 2D82F8A851E590895906E7AE /* Pods-toDoDO.release.xcconfig */;
			buildSettings = {
				ASSETCATALOG_COMPILER_APPICON_NAME = AppIcon;
				CODE_SIGN_STYLE = Automatic;
				DEVELOPMENT_TEAM = 72G63W4R44;
				INFOPLIST_FILE = toDoDO/Info.plist;
				LD_RUNPATH_SEARCH_PATHS = (
					"$(inherited)",
					"@executable_path/Frameworks",
				);
				PRODUCT_BUNDLE_IDENTIFIER = com.Theo.toDoDO;
				PRODUCT_NAME = "$(TARGET_NAME)";
				SWIFT_VERSION = 5.0;
				TARGETED_DEVICE_FAMILY = "1,2";
			};
			name = Release;
		};
/* End XCBuildConfiguration section */

/* Begin XCConfigurationList section */
		68819E852427788B006CAC27 /* Build configuration list for PBXProject "toDoDO" */ = {
			isa = XCConfigurationList;
			buildConfigurations = (
				68819E9F2427788E006CAC27 /* Debug */,
				68819EA02427788E006CAC27 /* Release */,
			);
			defaultConfigurationIsVisible = 0;
			defaultConfigurationName = Release;
		};
		68819EA12427788E006CAC27 /* Build configuration list for PBXNativeTarget "toDoDO" */ = {
			isa = XCConfigurationList;
			buildConfigurations = (
				68819EA22427788E006CAC27 /* Debug */,
				68819EA32427788E006CAC27 /* Release */,
			);
			defaultConfigurationIsVisible = 0;
			defaultConfigurationName = Release;
		};
/* End XCConfigurationList section */

/* Begin XCVersionGroup section */
		68819E962427788B006CAC27 /* toDoDO.xcdatamodeld */ = {
			isa = XCVersionGroup;
			children = (
				68819E972427788B006CAC27 /* toDoDO.xcdatamodel */,
			);
			currentVersion = 68819E972427788B006CAC27 /* toDoDO.xcdatamodel */;
			path = toDoDO.xcdatamodeld;
			sourceTree = "<group>";
			versionGroupType = wrapper.xcdatamodel;
		};
/* End XCVersionGroup section */
	};
	rootObject = 68819E822427788B006CAC27 /* Project object */;
}
